// !$*UTF8*$!
{
	archiveVersion = 1;
	classes = {
	};
	objectVersion = 46;
	objects = {

/* Begin PBXBuildFile section */
		4DFA597B1EE548D000A59E6A /* AppDelegate.swift in Sources */ = {isa = PBXBuildFile; fileRef = 4DFA597A1EE548D000A59E6A /* AppDelegate.swift */; };
		4DFA597D1EE548D100A59E6A /* GameScene.sks in Resources */ = {isa = PBXBuildFile; fileRef = 4DFA597C1EE548D100A59E6A /* GameScene.sks */; };
		4DFA597F1EE548D100A59E6A /* Actions.sks in Resources */ = {isa = PBXBuildFile; fileRef = 4DFA597E1EE548D100A59E6A /* Actions.sks */; };
		4DFA59811EE548D100A59E6A /* GameScene.swift in Sources */ = {isa = PBXBuildFile; fileRef = 4DFA59801EE548D100A59E6A /* GameScene.swift */; };
		4DFA59831EE548D100A59E6A /* ViewController.swift in Sources */ = {isa = PBXBuildFile; fileRef = 4DFA59821EE548D100A59E6A /* ViewController.swift */; };
		4DFA59851EE548D100A59E6A /* Assets.xcassets in Resources */ = {isa = PBXBuildFile; fileRef = 4DFA59841EE548D100A59E6A /* Assets.xcassets */; };
		4DFA59881EE548D100A59E6A /* Main.storyboard in Resources */ = {isa = PBXBuildFile; fileRef = 4DFA59861EE548D100A59E6A /* Main.storyboard */; };
		4DFA59901EE55B7C00A59E6A /* ShopScene.swift in Sources */ = {isa = PBXBuildFile; fileRef = 4DFA598F1EE55B7C00A59E6A /* ShopScene.swift */; };
		4DFA59B11EE6C49D00A59E6A /* Costume.swift in Sources */ = {isa = PBXBuildFile; fileRef = 4DFA59B01EE6C49D00A59E6A /* Costume.swift */; };
		4DFA59B41EE6CFA200A59E6A /* Shop.swift in Sources */ = {isa = PBXBuildFile; fileRef = 4DFA59B31EE6CFA200A59E6A /* Shop.swift */; };
/* End PBXBuildFile section */

/* Begin PBXFileReference section */
		4DFA59771EE548D000A59E6A /* g.app */ = {isa = PBXFileReference; explicitFileType = wrapper.application; includeInIndex = 0; path = g.app; sourceTree = BUILT_PRODUCTS_DIR; };
		4DFA597A1EE548D000A59E6A /* AppDelegate.swift */ = {isa = PBXFileReference; lastKnownFileType = sourcecode.swift; path = AppDelegate.swift; sourceTree = "<group>"; };
		4DFA597C1EE548D100A59E6A /* GameScene.sks */ = {isa = PBXFileReference; lastKnownFileType = file.sks; path = GameScene.sks; sourceTree = "<group>"; };
		4DFA597E1EE548D100A59E6A /* Actions.sks */ = {isa = PBXFileReference; lastKnownFileType = file.sks; path = Actions.sks; sourceTree = "<group>"; };
		4DFA59801EE548D100A59E6A /* GameScene.swift */ = {isa = PBXFileReference; lastKnownFileType = sourcecode.swift; path = GameScene.swift; sourceTree = "<group>"; };
		4DFA59821EE548D100A59E6A /* ViewController.swift */ = {isa = PBXFileReference; lastKnownFileType = sourcecode.swift; path = ViewController.swift; sourceTree = "<group>"; };
		4DFA59841EE548D100A59E6A /* Assets.xcassets */ = {isa = PBXFileReference; lastKnownFileType = folder.assetcatalog; path = Assets.xcassets; sourceTree = "<group>"; };
		4DFA59871EE548D100A59E6A /* Base */ = {isa = PBXFileReference; lastKnownFileType = file.storyboard; name = Base; path = Base.lproj/Main.storyboard; sourceTree = "<group>"; };
		4DFA59891EE548D100A59E6A /* Info.plist */ = {isa = PBXFileReference; lastKnownFileType = text.plist.xml; path = Info.plist; sourceTree = "<group>"; };
		4DFA598F1EE55B7C00A59E6A /* ShopScene.swift */ = {isa = PBXFileReference; fileEncoding = 4; lastKnownFileType = sourcecode.swift; path = ShopScene.swift; sourceTree = "<group>"; };
		4DFA59B01EE6C49D00A59E6A /* Costume.swift */ = {isa = PBXFileReference; fileEncoding = 4; lastKnownFileType = sourcecode.swift; path = Costume.swift; sourceTree = "<group>"; };
		4DFA59B31EE6CFA200A59E6A /* Shop.swift */ = {isa = PBXFileReference; fileEncoding = 4; lastKnownFileType = sourcecode.swift; path = Shop.swift; sourceTree = "<group>"; };
/* End PBXFileReference section */

/* Begin PBXFrameworksBuildPhase section */
		4DFA59741EE548D000A59E6A /* Frameworks */ = {
			isa = PBXFrameworksBuildPhase;
			buildActionMask = 2147483647;
			files = (
			);
			runOnlyForDeploymentPostprocessing = 0;
		};
/* End PBXFrameworksBuildPhase section */

/* Begin PBXGroup section */
		4DFA596E1EE548D000A59E6A = {
			isa = PBXGroup;
			children = (
				4DFA59791EE548D000A59E6A /* g */,
				4DFA59781EE548D000A59E6A /* Products */,
			);
			sourceTree = "<group>";
		};
		4DFA59781EE548D000A59E6A /* Products */ = {
			isa = PBXGroup;
			children = (
				4DFA59771EE548D000A59E6A /* g.app */,
			);
			name = Products;
			sourceTree = "<group>";
		};
		4DFA59791EE548D000A59E6A /* g */ = {
			isa = PBXGroup;
			children = (
				4DFA59B21EE6CE4900A59E6A /* junk */,
				4DFA59821EE548D100A59E6A /* ViewController.swift */,
				4DFA59801EE548D100A59E6A /* GameScene.swift */,
				4DFA598F1EE55B7C00A59E6A /* ShopScene.swift */,
				4DFA59B01EE6C49D00A59E6A /* Costume.swift */,
				4DFA59B31EE6CFA200A59E6A /* Shop.swift */,
			);
			path = g;
			sourceTree = "<group>";
		};
		4DFA59B21EE6CE4900A59E6A /* junk */ = {
			isa = PBXGroup;
			children = (
				4DFA597A1EE548D000A59E6A /* AppDelegate.swift */,
				4DFA597C1EE548D100A59E6A /* GameScene.sks */,
				4DFA597E1EE548D100A59E6A /* Actions.sks */,
				4DFA59841EE548D100A59E6A /* Assets.xcassets */,
				4DFA59861EE548D100A59E6A /* Main.storyboard */,
				4DFA59891EE548D100A59E6A /* Info.plist */,
			);
			name = junk;
			sourceTree = "<group>";
		};
/* End PBXGroup section */

/* Begin PBXNativeTarget section */
		4DFA59761EE548D000A59E6A /* g */ = {
			isa = PBXNativeTarget;
			buildConfigurationList = 4DFA598C1EE548D100A59E6A /* Build configuration list for PBXNativeTarget "g" */;
			buildPhases = (
				4DFA59731EE548D000A59E6A /* Sources */,
				4DFA59741EE548D000A59E6A /* Frameworks */,
				4DFA59751EE548D000A59E6A /* Resources */,
			);
			buildRules = (
			);
			dependencies = (
			);
			name = g;
			productName = g;
			productReference = 4DFA59771EE548D000A59E6A /* g.app */;
			productType = "com.apple.product-type.application";
		};
/* End PBXNativeTarget section */

/* Begin PBXProject section */
		4DFA596F1EE548D000A59E6A /* Project object */ = {
			isa = PBXProject;
			attributes = {
				LastSwiftUpdateCheck = 0820;
				LastUpgradeCheck = 0820;
				ORGANIZATIONNAME = "justin fluidity";
				TargetAttributes = {
					4DFA59761EE548D000A59E6A = {
						CreatedOnToolsVersion = 8.2.1;
						ProvisioningStyle = Automatic;
					};
				};
			};
			buildConfigurationList = 4DFA59721EE548D000A59E6A /* Build configuration list for PBXProject "g" */;
			compatibilityVersion = "Xcode 3.2";
			developmentRegion = English;
			hasScannedForEncodings = 0;
			knownRegions = (
				en,
				Base,
			);
			mainGroup = 4DFA596E1EE548D000A59E6A;
			productRefGroup = 4DFA59781EE548D000A59E6A /* Products */;
			projectDirPath = "";
			projectRoot = "";
			targets = (
				4DFA59761EE548D000A59E6A /* g */,
			);
		};
/* End PBXProject section */

/* Begin PBXResourcesBuildPhase section */
		4DFA59751EE548D000A59E6A /* Resources */ = {
			isa = PBXResourcesBuildPhase;
			buildActionMask = 2147483647;
			files = (
				4DFA597D1EE548D100A59E6A /* GameScene.sks in Resources */,
				4DFA59851EE548D100A59E6A /* Assets.xcassets in Resources */,
				4DFA597F1EE548D100A59E6A /* Actions.sks in Resources */,
				4DFA59881EE548D100A59E6A /* Main.storyboard in Resources */,
			);
			runOnlyForDeploymentPostprocessing = 0;
		};
/* End PBXResourcesBuildPhase section */

/* Begin PBXSourcesBuildPhase section */
		4DFA59731EE548D000A59E6A /* Sources */ = {
			isa = PBXSourcesBuildPhase;
			buildActionMask = 2147483647;
			files = (
				4DFA59901EE55B7C00A59E6A /* ShopScene.swift in Sources */,
				4DFA59B11EE6C49D00A59E6A /* Costume.swift in Sources */,
				4DFA59831EE548D100A59E6A /* ViewController.swift in Sources */,
				4DFA59B41EE6CFA200A59E6A /* Shop.swift in Sources */,
				4DFA59811EE548D100A59E6A /* GameScene.swift in Sources */,
				4DFA597B1EE548D000A59E6A /* AppDelegate.swift in Sources */,
			);
			runOnlyForDeploymentPostprocessing = 0;
		};
/* End PBXSourcesBuildPhase section */

/* Begin PBXVariantGroup section */
		4DFA59861EE548D100A59E6A /* Main.storyboard */ = {
			isa = PBXVariantGroup;
			children = (
				4DFA59871EE548D100A59E6A /* Base */,
			);
			name = Main.storyboard;
			sourceTree = "<group>";
		};
/* End PBXVariantGroup section */

/* Begin XCBuildConfiguration section */
		4DFA598A1EE548D100A59E6A /* Debug */ = {
			isa = XCBuildConfiguration;
			buildSettings = {
				ALWAYS_SEARCH_USER_PATHS = NO;
				CLANG_ANALYZER_NONNULL = YES;
				CLANG_CXX_LANGUAGE_STANDARD = "gnu++0x";
				CLANG_CXX_LIBRARY = "libc++";
				CLANG_ENABLE_MODULES = YES;
				CLANG_ENABLE_OBJC_ARC = YES;
				CLANG_WARN_BOOL_CONVERSION = YES;
				CLANG_WARN_CONSTANT_CONVERSION = YES;
				CLANG_WARN_DIRECT_OBJC_ISA_USAGE = YES_ERROR;
				CLANG_WARN_DOCUMENTATION_COMMENTS = YES;
				CLANG_WARN_EMPTY_BODY = YES;
				CLANG_WARN_ENUM_CONVERSION = YES;
				CLANG_WARN_INFINITE_RECURSION = YES;
				CLANG_WARN_INT_CONVERSION = YES;
				CLANG_WARN_OBJC_ROOT_CLASS = YES_ERROR;
				CLANG_WARN_SUSPICIOUS_MOVE = YES;
				CLANG_WARN_UNREACHABLE_CODE = YES;
				CLANG_WARN__DUPLICATE_METHOD_MATCH = YES;
				CODE_SIGN_IDENTITY = "-";
				COPY_PHASE_STRIP = NO;
				DEBUG_INFORMATION_FORMAT = dwarf;
				ENABLE_STRICT_OBJC_MSGSEND = YES;
				ENABLE_TESTABILITY = YES;
				GCC_C_LANGUAGE_STANDARD = gnu99;
				GCC_DYNAMIC_NO_PIC = NO;
				GCC_NO_COMMON_BLOCKS = YES;
				GCC_OPTIMIZATION_LEVEL = 0;
				GCC_PREPROCESSOR_DEFINITIONS = (
					"DEBUG=1",
					"$(inherited)",
				);
				GCC_WARN_64_TO_32_BIT_CONVERSION = YES;
				GCC_WARN_ABOUT_RETURN_TYPE = YES_ERROR;
				GCC_WARN_UNDECLARED_SELECTOR = YES;
				GCC_WARN_UNINITIALIZED_AUTOS = YES_AGGRESSIVE;
				GCC_WARN_UNUSED_FUNCTION = YES;
				GCC_WARN_UNUSED_VARIABLE = YES;
				MACOSX_DEPLOYMENT_TARGET = 10.11;
				MTL_ENABLE_DEBUG_INFO = YES;
				ONLY_ACTIVE_ARCH = YES;
				SDKROOT = macosx;
				SWIFT_ACTIVE_COMPILATION_CONDITIONS = DEBUG;
				SWIFT_OPTIMIZATION_LEVEL = "-Onone";
			};
			name = Debug;
		};
		4DFA598B1EE548D100A59E6A /* Release */ = {
			isa = XCBuildConfiguration;
			buildSettings = {
				ALWAYS_SEARCH_USER_PATHS = NO;
				CLANG_ANALYZER_NONNULL = YES;
				CLANG_CXX_LANGUAGE_STANDARD = "gnu++0x";
				CLANG_CXX_LIBRARY = "libc++";
				CLANG_ENABLE_MODULES = YES;
				CLANG_ENABLE_OBJC_ARC = YES;
				CLANG_WARN_BOOL_CONVERSION = YES;
				CLANG_WARN_CONSTANT_CONVERSION = YES;
				CLANG_WARN_DIRECT_OBJC_ISA_USAGE = YES_ERROR;
				CLANG_WARN_DOCUMENTATION_COMMENTS = YES;
				CLANG_WARN_EMPTY_BODY = YES;
				CLANG_WARN_ENUM_CONVERSION = YES;
				CLANG_WARN_INFINITE_RECURSION = YES;
				CLANG_WARN_INT_CONVERSION = YES;
				CLANG_WARN_OBJC_ROOT_CLASS = YES_ERROR;
				CLANG_WARN_SUSPICIOUS_MOVE = YES;
				CLANG_WARN_UNREACHABLE_CODE = YES;
				CLANG_WARN__DUPLICATE_METHOD_MATCH = YES;
				CODE_SIGN_IDENTITY = "-";
				COPY_PHASE_STRIP = NO;
				DEBUG_INFORMATION_FORMAT = "dwarf-with-dsym";
				ENABLE_NS_ASSERTIONS = NO;
				ENABLE_STRICT_OBJC_MSGSEND = YES;
				GCC_C_LANGUAGE_STANDARD = gnu99;
				GCC_NO_COMMON_BLOCKS = YES;
				GCC_WARN_64_TO_32_BIT_CONVERSION = YES;
				GCC_WARN_ABOUT_RETURN_TYPE = YES_ERROR;
				GCC_WARN_UNDECLARED_SELECTOR = YES;
				GCC_WARN_UNINITIALIZED_AUTOS = YES_AGGRESSIVE;
				GCC_WARN_UNUSED_FUNCTION = YES;
				GCC_WARN_UNUSED_VARIABLE = YES;
				MACOSX_DEPLOYMENT_TARGET = 10.11;
				MTL_ENABLE_DEBUG_INFO = NO;
				SDKROOT = macosx;
				SWIFT_OPTIMIZATION_LEVEL = "-Owholemodule";
			};
			name = Release;
		};
		4DFA598D1EE548D100A59E6A /* Debug */ = {
			isa = XCBuildConfiguration;
			buildSettings = {
				ASSETCATALOG_COMPILER_APPICON_NAME = AppIcon;
				COMBINE_HIDPI_IMAGES = YES;
				INFOPLIST_FILE = g/Info.plist;
				LD_RUNPATH_SEARCH_PATHS = "$(inherited) @executable_path/../Frameworks";
				PRODUCT_BUNDLE_IDENTIFIER = zigg.g;
				PRODUCT_NAME = "$(TARGET_NAME)";
				SWIFT_VERSION = 3.0;
			};
			name = Debug;
		};
		4DFA598E1EE548D100A59E6A /* Release */ = {
			isa = XCBuildConfiguration;
			buildSettings = {
				ASSETCATALOG_COMPILER_APPICON_NAME = AppIcon;
				COMBINE_HIDPI_IMAGES = YES;
				INFOPLIST_FILE = g/Info.plist;
				LD_RUNPATH_SEARCH_PATHS = "$(inherited) @executable_path/../Frameworks";
				PRODUCT_BUNDLE_IDENTIFIER = zigg.g;
				PRODUCT_NAME = "$(TARGET_NAME)";
				SWIFT_VERSION = 3.0;
			};
			name = Release;
		};
/* End XCBuildConfiguration section */

/* Begin XCConfigurationList section */
		4DFA59721EE548D000A59E6A /* Build configuration list for PBXProject "g" */ = {
			isa = XCConfigurationList;
			buildConfigurations = (
				4DFA598A1EE548D100A59E6A /* Debug */,
				4DFA598B1EE548D100A59E6A /* Release */,
			);
			defaultConfigurationIsVisible = 0;
			defaultConfigurationName = Release;
		};
		4DFA598C1EE548D100A59E6A /* Build configuration list for PBXNativeTarget "g" */ = {
			isa = XCConfigurationList;
			buildConfigurations = (
				4DFA598D1EE548D100A59E6A /* Debug */,
				4DFA598E1EE548D100A59E6A /* Release */,
			);
			defaultConfigurationIsVisible = 0;
			defaultConfigurationName = Release;
		};
/* End XCConfigurationList section */
	};
	rootObject = 4DFA596F1EE548D000A59E6A /* Project object */;
}
